Microsoft Visual Studio Solution File, Format Version 12.00
# Visual Studio 2012
Project("{FAE04EC0-301F-11D3-BF4B-00C04F79EFBC}") = "Spooky", "Spooky.csproj", "{CA228DC8-5314-4AD9-A27F-4BEADC6C049A}"
EndProject
Global
	GlobalSection(SolutionConfigurationPlatforms) = preSolution
	Debug|Any CPU = Debug|Any CPU
	ExportDebug|Any CPU = ExportDebug|Any CPU
	ExportRelease|Any CPU = ExportRelease|Any CPU
	EndGlobalSection
	GlobalSection(ProjectConfigurationPlatforms) = postSolution
		{CA228DC8-5314-4AD9-A27F-4BEADC6C049A}.Debug|Any CPU.ActiveCfg = Debug|Any CPU
		{CA228DC8-5314-4AD9-A27F-4BEADC6C049A}.Debug|Any CPU.Build.0 = Debug|Any CPU
		{CA228DC8-5314-4AD9-A27F-4BEADC6C049A}.ExportDebug|Any CPU.ActiveCfg = ExportDebug|Any CPU
		{CA228DC8-5314-4AD9-A27F-4BEADC6C049A}.ExportDebug|Any CPU.Build.0 = ExportDebug|Any CPU
		{CA228DC8-5314-4AD9-A27F-4BEADC6C049A}.ExportRelease|Any CPU.ActiveCfg = ExportRelease|Any CPU
		{CA228DC8-5314-4AD9-A27F-4BEADC6C049A}.ExportRelease|Any CPU.Build.0 = ExportRelease|Any CPU
	EndGlobalSection
EndGlobal
